
Microsoft Visual Studio Solution File, Format Version 12.00
# Visual Studio Version 17
VisualStudioVersion = 17.4.33122.133
MinimumVisualStudioVersion = 10.0.40219.1
Project("{9A19103F-16F7-4668-BE54-9A1E7A4F7556}") = "PortalAG_V2", "PortalAG_V2\PortalAG_V2.csproj", "{DAD4E95C-CD95-441D-BB25-B093DA735F72}"
EndProject
Project("{9A19103F-16F7-4668-BE54-9A1E7A4F7556}") = "PortalAG_V2.Shared", "PortalAG_V2.Shared\PortalAG_V2.Shared.csproj", "{C2D216C0-E82C-4180-A961-4E332DF83B90}"
EndProject
Project("{9A19103F-16F7-4668-BE54-9A1E7A4F7556}") = "PortalAG_V2.LazyLoad", "PortalAG_V2.LazyLoad\PortalAG_V2.LazyLoad.csproj", "{3285FB3D-67B0-4EAE-A049-A10AE6FE4171}"
EndProject
Global
	GlobalSection(SolutionConfigurationPlatforms) = preSolution
		Debug|Any CPU = Debug|Any CPU
		Release|Any CPU = Release|Any CPU
	EndGlobalSection
	GlobalSection(ProjectConfigurationPlatforms) = postSolution
		{DAD4E95C-CD95-441D-BB25-B093DA735F72}.Debug|Any CPU.ActiveCfg = Debug|Any CPU
		{DAD4E95C-CD95-441D-BB25-B093DA735F72}.Debug|Any CPU.Build.0 = Debug|Any CPU
		{DAD4E95C-CD95-441D-BB25-B093DA735F72}.Release|Any CPU.ActiveCfg = Release|Any CPU
		{DAD4E95C-CD95-441D-BB25-B093DA735F72}.Release|Any CPU.Build.0 = Release|Any CPU
		{C2D216C0-E82C-4180-A961-4E332DF83B90}.Debug|Any CPU.ActiveCfg = Debug|Any CPU
		{C2D216C0-E82C-4180-A961-4E332DF83B90}.Debug|Any CPU.Build.0 = Debug|Any CPU
		{C2D216C0-E82C-4180-A961-4E332DF83B90}.Release|Any CPU.ActiveCfg = Release|Any CPU
		{C2D216C0-E82C-4180-A961-4E332DF83B90}.Release|Any CPU.Build.0 = Release|Any CPU
		{3285FB3D-67B0-4EAE-A049-A10AE6FE4171}.Debug|Any CPU.ActiveCfg = Debug|Any CPU
		{3285FB3D-67B0-4EAE-A049-A10AE6FE4171}.Debug|Any CPU.Build.0 = Debug|Any CPU
		{3285FB3D-67B0-4EAE-A049-A10AE6FE4171}.Release|Any CPU.ActiveCfg = Release|Any CPU
		{3285FB3D-67B0-4EAE-A049-A10AE6FE4171}.Release|Any CPU.Build.0 = Release|Any CPU
	EndGlobalSection
	GlobalSection(SolutionProperties) = preSolution
		HideSolutionNode = FALSE
	EndGlobalSection
	GlobalSection(ExtensibilityGlobals) = postSolution
		SolutionGuid = {EDEB33DE-C1FA-4E91-8C86-8AF90C6BE842}
	EndGlobalSection
EndGlobal
